
Microsoft Visual Studio Solution File, Format Version 12.00
# Visual Studio 2017
Project("{FAE04EC0-301F-11D3-BF4B-00C04F79EFBC}") = "UnityVS.Gravity Orbit", "UnityVS.Gravity Orbit.csproj", "{FCC7354E-3561-0EF1-D068-EF7EF0942ACA}"
EndProject
Global
	GlobalSection(SolutionConfigurationPlatforms) = preSolution
		Debug|Any CPU = Debug|Any CPU
		Release|Any CPU = Release|Any CPU
	EndGlobalSection
	GlobalSection(ProjectConfigurationPlatforms) = postSolution
		{FCC7354E-3561-0EF1-D068-EF7EF0942ACA}.Debug|Any CPU.ActiveCfg = Debug|Any CPU
		{FCC7354E-3561-0EF1-D068-EF7EF0942ACA}.Debug|Any CPU.Build.0 = Debug|Any CPU
		{FCC7354E-3561-0EF1-D068-EF7EF0942ACA}.Release|Any CPU.ActiveCfg = Release|Any CPU
		{FCC7354E-3561-0EF1-D068-EF7EF0942ACA}.Release|Any CPU.Build.0 = Release|Any CPU
	EndGlobalSection
	GlobalSection(SolutionProperties) = preSolution
		HideSolutionNode = FALSE
	EndGlobalSection
EndGlobal
